
Microsoft Visual Studio Solution File, Format Version 12.00
# Visual Studio 15
VisualStudioVersion = 15.0.28010.2036
MinimumVisualStudioVersion = 10.0.40219.1
Project("{8BC9CEB8-8B4A-11D0-8D11-00A0C91BC942}") = "Runtime", "Runtime.vcxproj", "{D804C896-6359-4B66-9836-D959C8416832}"
EndProject
Project("{8BC9CEB8-8B4A-11D0-8D11-00A0C91BC942}") = "unit-test", "unit-test.vcxproj", "{402F5698-8263-48D3-B792-07775D3FC70D}"
	ProjectSection(ProjectDependencies) = postProject
		{D804C896-6359-4B66-9836-D959C8416832} = {D804C896-6359-4B66-9836-D959C8416832}
	EndProjectSection
EndProject
Project("{8BC9CEB8-8B4A-11D0-8D11-00A0C91BC942}") = "Editor", "Editor.vcxproj", "{DCD9BFBD-9A77-46E2-B6F7-76D206639AE8}"
	ProjectSection(ProjectDependencies) = postProject
		{D804C896-6359-4B66-9836-D959C8416832} = {D804C896-6359-4B66-9836-D959C8416832}
	EndProjectSection
EndProject
Global
	GlobalSection(SolutionConfigurationPlatforms) = preSolution
		Debug|x64 = Debug|x64
		Debug|x86 = Debug|x86
		Release|x64 = Release|x64
		Release|x86 = Release|x86
	EndGlobalSection
	GlobalSection(ProjectConfigurationPlatforms) = postSolution
		{D804C896-6359-4B66-9836-D959C8416832}.Debug|x64.ActiveCfg = Debug|x64
		{D804C896-6359-4B66-9836-D959C8416832}.Debug|x64.Build.0 = Debug|x64
		{D804C896-6359-4B66-9836-D959C8416832}.Debug|x86.ActiveCfg = Debug|Win32
		{D804C896-6359-4B66-9836-D959C8416832}.Debug|x86.Build.0 = Debug|Win32
		{D804C896-6359-4B66-9836-D959C8416832}.Release|x64.ActiveCfg = Release|x64
		{D804C896-6359-4B66-9836-D959C8416832}.Release|x64.Build.0 = Release|x64
		{D804C896-6359-4B66-9836-D959C8416832}.Release|x86.ActiveCfg = Release|Win32
		{D804C896-6359-4B66-9836-D959C8416832}.Release|x86.Build.0 = Release|Win32
		{402F5698-8263-48D3-B792-07775D3FC70D}.Debug|x64.ActiveCfg = Debug|x64
		{402F5698-8263-48D3-B792-07775D3FC70D}.Debug|x64.Build.0 = Debug|x64
		{402F5698-8263-48D3-B792-07775D3FC70D}.Debug|x86.ActiveCfg = Debug|Win32
		{402F5698-8263-48D3-B792-07775D3FC70D}.Debug|x86.Build.0 = Debug|Win32
		{402F5698-8263-48D3-B792-07775D3FC70D}.Release|x64.ActiveCfg = Debug|x64
		{402F5698-8263-48D3-B792-07775D3FC70D}.Release|x64.Build.0 = Debug|x64
		{402F5698-8263-48D3-B792-07775D3FC70D}.Release|x86.ActiveCfg = Debug|Win32
		{402F5698-8263-48D3-B792-07775D3FC70D}.Release|x86.Build.0 = Debug|Win32
		{DCD9BFBD-9A77-46E2-B6F7-76D206639AE8}.Debug|x64.ActiveCfg = Debug|x64
		{DCD9BFBD-9A77-46E2-B6F7-76D206639AE8}.Debug|x64.Build.0 = Debug|x64
		{DCD9BFBD-9A77-46E2-B6F7-76D206639AE8}.Debug|x86.ActiveCfg = Debug|x64
		{DCD9BFBD-9A77-46E2-B6F7-76D206639AE8}.Release|x64.ActiveCfg = Release|x64
		{DCD9BFBD-9A77-46E2-B6F7-76D206639AE8}.Release|x64.Build.0 = Release|x64
		{DCD9BFBD-9A77-46E2-B6F7-76D206639AE8}.Release|x86.ActiveCfg = Release|x64
	EndGlobalSection
	GlobalSection(SolutionProperties) = preSolution
		HideSolutionNode = FALSE
	EndGlobalSection
	GlobalSection(ExtensibilityGlobals) = postSolution
		SolutionGuid = {A9A9EE8E-FA60-4DA9-8D74-BEF2021BDE95}
	EndGlobalSection
EndGlobal
