<?xml version="1.0" encoding="utf-8"?>
<Project ToolsVersion="4.0" xmlns="http://schemas.microsoft.com/developer/msbuild/2003">
  <ItemGroup>
    <Filter Include="Sources">
      <UniqueIdentifier>{6988b7c1-7e34-4257-9292-492340f22f8d}</UniqueIdentifier>
    </Filter>
    <Filter Include="Sources\Core">
      <UniqueIdentifier>{e81ba2bf-ce49-4afa-a735-af1f603ca0f1}</UniqueIdentifier>
    </Filter>
    <Filter Include="Sources\Component">
      <UniqueIdentifier>{823935b3-262f-47cf-ad06-db29b6c13822}</UniqueIdentifier>
    </Filter>
    <Filter Include="Sources\World">
      <UniqueIdentifier>{e8cd6ac2-20e5-4293-9d06-c190749df70a}</UniqueIdentifier>
    </Filter>
    <Filter Include="Sources\Math">
      <UniqueIdentifier>{59014c35-4559-41f6-afd4-67da5d0cc50f}</UniqueIdentifier>
    </Filter>
    <Filter Include="Thirdparty">
      <UniqueIdentifier>{9cd9b4ce-9a99-4dc8-9345-2867b3de92c2}</UniqueIdentifier>
    </Filter>
    <Filter Include="Thirdparty\assimp">
      <UniqueIdentifier>{15e7b953-c00d-44e9-8f8a-3b61411ca565}</UniqueIdentifier>
    </Filter>
    <Filter Include="Thirdparty\glm">
      <UniqueIdentifier>{f4e312b9-dbda-4eec-9871-ac84c8b88c8d}</UniqueIdentifier>
    </Filter>
    <Filter Include="Thirdparty\stb_image">
      <UniqueIdentifier>{c2eb49a5-66e2-4da8-a4d4-5cc9bd84dc36}</UniqueIdentifier>
    </Filter>
  </ItemGroup>
  <ItemGroup>
    <ClInclude Include="..\Sources\Runtime\Core\EngineDefines.hpp">
      <Filter>Sources\Core</Filter>
    </ClInclude>
    <ClInclude Include="..\Sources\Runtime\World\Actor.hpp">
      <Filter>Sources\World</Filter>
    </ClInclude>
    <ClInclude Include="..\Sources\Runtime\World\World.hpp">
      <Filter>Sources\World</Filter>
    </ClInclude>
    <ClInclude Include="..\Sources\Runtime\Math\Vector3.hpp">
      <Filter>Sources\Math</Filter>
    </ClInclude>
    <ClInclude Include="..\Sources\Runtime\Math\Vector4.hpp">
      <Filter>Sources\Math</Filter>
    </ClInclude>
    <ClInclude Include="..\Sources\Runtime\Math\MathDefines.h">
      <Filter>Sources\Math</Filter>
    </ClInclude>
    <ClInclude Include="..\Sources\Runtime\Math\Vector2.hpp">
      <Filter>Sources\Math</Filter>
    </ClInclude>
    <ClInclude Include="..\Thirdparty\assimp\include\assimp\ai_assert.h">
      <Filter>Thirdparty\assimp</Filter>
    </ClInclude>
    <ClInclude Include="..\Thirdparty\assimp\include\assimp\anim.h">
      <Filter>Thirdparty\assimp</Filter>
    </ClInclude>
    <ClInclude Include="..\Thirdparty\assimp\include\assimp\BaseImporter.h">
      <Filter>Thirdparty\assimp</Filter>
    </ClInclude>
    <ClInclude Include="..\Thirdparty\assimp\include\assimp\Bitmap.h">
      <Filter>Thirdparty\assimp</Filter>
    </ClInclude>
    <ClInclude Include="..\Thirdparty\assimp\include\assimp\BlobIOSystem.h">
      <Filter>Thirdparty\assimp</Filter>
    </ClInclude>
    <ClInclude Include="..\Thirdparty\assimp\include\assimp\ByteSwapper.h">
      <Filter>Thirdparty\assimp</Filter>
    </ClInclude>
    <ClInclude Include="..\Thirdparty\assimp\include\assimp\camera.h">
      <Filter>Thirdparty\assimp</Filter>
    </ClInclude>
    <ClInclude Include="..\Thirdparty\assimp\include\assimp\cexport.h">
      <Filter>Thirdparty\assimp</Filter>
    </ClInclude>
    <ClInclude Include="..\Thirdparty\assimp\include\assimp\cfileio.h">
      <Filter>Thirdparty\assimp</Filter>
    </ClInclude>
    <ClInclude Include="..\Thirdparty\assimp\include\assimp\cimport.h">
      <Filter>Thirdparty\assimp</Filter>
    </ClInclude>
    <ClInclude Include="..\Thirdparty\assimp\include\assimp\color4.h">
      <Filter>Thirdparty\assimp</Filter>
    </ClInclude>
    <ClInclude Include="..\Thirdparty\assimp\include\assimp\config.h">
      <Filter>Thirdparty\assimp</Filter>
    </ClInclude>
    <ClInclude Include="..\Thirdparty\assimp\include\assimp\CreateAnimMesh.h">
      <Filter>Thirdparty\assimp</Filter>
    </ClInclude>
    <ClInclude Include="..\Thirdparty\assimp\include\assimp\DefaultIOStream.h">
      <Filter>Thirdparty\assimp</Filter>
    </ClInclude>
    <ClInclude Include="..\Thirdparty\assimp\include\assimp\DefaultIOSystem.h">
      <Filter>Thirdparty\assimp</Filter>
    </ClInclude>
    <ClInclude Include="..\Thirdparty\assimp\include\assimp\DefaultLogger.hpp">
      <Filter>Thirdparty\assimp</Filter>
    </ClInclude>
    <ClInclude Include="..\Thirdparty\assimp\include\assimp\Defines.h">
      <Filter>Thirdparty\assimp</Filter>
    </ClInclude>
    <ClInclude Include="..\Thirdparty\assimp\include\assimp\defs.h">
      <Filter>Thirdparty\assimp</Filter>
    </ClInclude>
    <ClInclude Include="..\Thirdparty\assimp\include\assimp\Exceptional.h">
      <Filter>Thirdparty\assimp</Filter>
    </ClInclude>
    <ClInclude Include="..\Thirdparty\assimp\include\assimp\Exporter.hpp">
      <Filter>Thirdparty\assimp</Filter>
    </ClInclude>
    <ClInclude Include="..\Thirdparty\assimp\include\assimp\fast_atof.h">
      <Filter>Thirdparty\assimp</Filter>
    </ClInclude>
    <ClInclude Include="..\Thirdparty\assimp\include\assimp\GenericProperty.h">
      <Filter>Thirdparty\assimp</Filter>
    </ClInclude>
    <ClInclude Include="..\Thirdparty\assimp\include\assimp\Hash.h">
      <Filter>Thirdparty\assimp</Filter>
    </ClInclude>
    <ClInclude Include="..\Thirdparty\assimp\include\assimp\Importer.hpp">
      <Filter>Thirdparty\assimp</Filter>
    </ClInclude>
    <ClInclude Include="..\Thirdparty\assimp\include\assimp\importerdesc.h">
      <Filter>Thirdparty\assimp</Filter>
    </ClInclude>
    <ClInclude Include="..\Thirdparty\assimp\include\assimp\IOStream.hpp">
      <Filter>Thirdparty\assimp</Filter>
    </ClInclude>
    <ClInclude Include="..\Thirdparty\assimp\include\assimp\IOStreamBuffer.h">
      <Filter>Thirdparty\assimp</Filter>
    </ClInclude>
    <ClInclude Include="..\Thirdparty\assimp\include\assimp\IOSystem.hpp">
      <Filter>Thirdparty\assimp</Filter>
    </ClInclude>
    <ClInclude Include="..\Thirdparty\assimp\include\assimp\irrXMLWrapper.h">
      <Filter>Thirdparty\assimp</Filter>
    </ClInclude>
    <ClInclude Include="..\Thirdparty\assimp\include\assimp\light.h">
      <Filter>Thirdparty\assimp</Filter>
    </ClInclude>
    <ClInclude Include="..\Thirdparty\assimp\include\assimp\LineSplitter.h">
      <Filter>Thirdparty\assimp</Filter>
    </ClInclude>
    <ClInclude Include="..\Thirdparty\assimp\include\assimp\LogAux.h">
      <Filter>Thirdparty\assimp</Filter>
    </ClInclude>
    <ClInclude Include="..\Thirdparty\assimp\include\assimp\Logger.hpp">
      <Filter>Thirdparty\assimp</Filter>
    </ClInclude>
    <ClInclude Include="..\Thirdparty\assimp\include\assimp\LogStream.hpp">
      <Filter>Thirdparty\assimp</Filter>
    </ClInclude>
    <ClInclude Include="..\Thirdparty\assimp\include\assimp\Macros.h">
      <Filter>Thirdparty\assimp</Filter>
    </ClInclude>
    <ClInclude Include="..\Thirdparty\assimp\include\assimp\material.h">
      <Filter>Thirdparty\assimp</Filter>
    </ClInclude>
    <ClInclude Include="..\Thirdparty\assimp\include\assimp\MathFunctions.h">
      <Filter>Thirdparty\assimp</Filter>
    </ClInclude>
    <ClInclude Include="..\Thirdparty\assimp\include\assimp\matrix3x3.h">
      <Filter>Thirdparty\assimp</Filter>
    </ClInclude>
    <ClInclude Include="..\Thirdparty\assimp\include\assimp\matrix4x4.h">
      <Filter>Thirdparty\assimp</Filter>
    </ClInclude>
    <ClInclude Include="..\Thirdparty\assimp\include\assimp\MemoryIOWrapper.h">
      <Filter>Thirdparty\assimp</Filter>
    </ClInclude>
    <ClInclude Include="..\Thirdparty\assimp\include\assimp\mesh.h">
      <Filter>Thirdparty\assimp</Filter>
    </ClInclude>
    <ClInclude Include="..\Thirdparty\assimp\include\assimp\metadata.h">
      <Filter>Thirdparty\assimp</Filter>
    </ClInclude>
    <ClInclude Include="..\Thirdparty\assimp\include\assimp\NullLogger.hpp">
      <Filter>Thirdparty\assimp</Filter>
    </ClInclude>
    <ClInclude Include="..\Thirdparty\assimp\include\assimp\ParsingUtils.h">
      <Filter>Thirdparty\assimp</Filter>
    </ClInclude>
    <ClInclude Include="..\Thirdparty\assimp\include\assimp\pbrmaterial.h">
      <Filter>Thirdparty\assimp</Filter>
    </ClInclude>
    <ClInclude Include="..\Thirdparty\assimp\include\assimp\postprocess.h">
      <Filter>Thirdparty\assimp</Filter>
    </ClInclude>
    <ClInclude Include="..\Thirdparty\assimp\include\assimp\Profiler.h">
      <Filter>Thirdparty\assimp</Filter>
    </ClInclude>
    <ClInclude Include="..\Thirdparty\assimp\include\assimp\ProgressHandler.hpp">
      <Filter>Thirdparty\assimp</Filter>
    </ClInclude>
    <ClInclude Include="..\Thirdparty\assimp\include\assimp\qnan.h">
      <Filter>Thirdparty\assimp</Filter>
    </ClInclude>
    <ClInclude Include="..\Thirdparty\assimp\include\assimp\quaternion.h">
      <Filter>Thirdparty\assimp</Filter>
    </ClInclude>
    <ClInclude Include="..\Thirdparty\assimp\include\assimp\RemoveComments.h">
      <Filter>Thirdparty\assimp</Filter>
    </ClInclude>
    <ClInclude Include="..\Thirdparty\assimp\include\assimp\scene.h">
      <Filter>Thirdparty\assimp</Filter>
    </ClInclude>
    <ClInclude Include="..\Thirdparty\assimp\include\assimp\SceneCombiner.h">
      <Filter>Thirdparty\assimp</Filter>
    </ClInclude>
    <ClInclude Include="..\Thirdparty\assimp\include\assimp\SGSpatialSort.h">
      <Filter>Thirdparty\assimp</Filter>
    </ClInclude>
    <ClInclude Include="..\Thirdparty\assimp\include\assimp\SkeletonMeshBuilder.h">
      <Filter>Thirdparty\assimp</Filter>
    </ClInclude>
    <ClInclude Include="..\Thirdparty\assimp\include\assimp\SmoothingGroups.h">
      <Filter>Thirdparty\assimp</Filter>
    </ClInclude>
    <ClInclude Include="..\Thirdparty\assimp\include\assimp\SpatialSort.h">
      <Filter>Thirdparty\assimp</Filter>
    </ClInclude>
    <ClInclude Include="..\Thirdparty\assimp\include\assimp\StandardShapes.h">
      <Filter>Thirdparty\assimp</Filter>
    </ClInclude>
    <ClInclude Include="..\Thirdparty\assimp\include\assimp\StreamReader.h">
      <Filter>Thirdparty\assimp</Filter>
    </ClInclude>
    <ClInclude Include="..\Thirdparty\assimp\include\assimp\StreamWriter.h">
      <Filter>Thirdparty\assimp</Filter>
    </ClInclude>
    <ClInclude Include="..\Thirdparty\assimp\include\assimp\StringComparison.h">
      <Filter>Thirdparty\assimp</Filter>
    </ClInclude>
    <ClInclude Include="..\Thirdparty\assimp\include\assimp\StringUtils.h">
      <Filter>Thirdparty\assimp</Filter>
    </ClInclude>
    <ClInclude Include="..\Thirdparty\assimp\include\assimp\Subdivision.h">
      <Filter>Thirdparty\assimp</Filter>
    </ClInclude>
    <ClInclude Include="..\Thirdparty\assimp\include\assimp\texture.h">
      <Filter>Thirdparty\assimp</Filter>
    </ClInclude>
    <ClInclude Include="..\Thirdparty\assimp\include\assimp\TinyFormatter.h">
      <Filter>Thirdparty\assimp</Filter>
    </ClInclude>
    <ClInclude Include="..\Thirdparty\assimp\include\assimp\types.h">
      <Filter>Thirdparty\assimp</Filter>
    </ClInclude>
    <ClInclude Include="..\Thirdparty\assimp\include\assimp\vector2.h">
      <Filter>Thirdparty\assimp</Filter>
    </ClInclude>
    <ClInclude Include="..\Thirdparty\assimp\include\assimp\vector3.h">
      <Filter>Thirdparty\assimp</Filter>
    </ClInclude>
    <ClInclude Include="..\Thirdparty\assimp\include\assimp\version.h">
      <Filter>Thirdparty\assimp</Filter>
    </ClInclude>
    <ClInclude Include="..\Thirdparty\assimp\include\assimp\Vertex.h">
      <Filter>Thirdparty\assimp</Filter>
    </ClInclude>
    <ClInclude Include="..\Thirdparty\assimp\include\assimp\XMLTools.h">
      <Filter>Thirdparty\assimp</Filter>
    </ClInclude>
    <ClInclude Include="..\Thirdparty\assimp\include\assimp\port\AndroidJNI\AndroidJNIIOSystem.h">
      <Filter>Thirdparty\assimp</Filter>
    </ClInclude>
    <ClInclude Include="..\Thirdparty\assimp\include\assimp\Compiler\poppack1.h">
      <Filter>Thirdparty\assimp</Filter>
    </ClInclude>
    <ClInclude Include="..\Thirdparty\assimp\include\assimp\Compiler\pstdint.h">
      <Filter>Thirdparty\assimp</Filter>
    </ClInclude>
    <ClInclude Include="..\Thirdparty\assimp\include\assimp\Compiler\pushpack1.h">
      <Filter>Thirdparty\assimp</Filter>
    </ClInclude>
    <ClInclude Include="..\Thirdparty\glm\include\glm\common.hpp">
      <Filter>Thirdparty\glm</Filter>
    </ClInclude>
    <ClInclude Include="..\Thirdparty\glm\include\glm\detail\func_common.hpp">
      <Filter>Thirdparty\glm</Filter>
    </ClInclude>
    <ClInclude Include="..\Thirdparty\glm\include\glm\detail\func_exponential.hpp">
      <Filter>Thirdparty\glm</Filter>
    </ClInclude>
    <ClInclude Include="..\Thirdparty\glm\include\glm\detail\func_geometric.hpp">
      <Filter>Thirdparty\glm</Filter>
    </ClInclude>
    <ClInclude Include="..\Thirdparty\glm\include\glm\detail\func_integer.hpp">
      <Filter>Thirdparty\glm</Filter>
    </ClInclude>
    <ClInclude Include="..\Thirdparty\glm\include\glm\detail\func_matrix.hpp">
      <Filter>Thirdparty\glm</Filter>
    </ClInclude>
    <ClInclude Include="..\Thirdparty\glm\include\glm\detail\func_packing.hpp">
      <Filter>Thirdparty\glm</Filter>
    </ClInclude>
    <ClInclude Include="..\Thirdparty\glm\include\glm\detail\func_trigonometric.hpp">
      <Filter>Thirdparty\glm</Filter>
    </ClInclude>
    <ClInclude Include="..\Thirdparty\glm\include\glm\detail\func_vector_relational.hpp">
      <Filter>Thirdparty\glm</Filter>
    </ClInclude>
    <ClInclude Include="..\Thirdparty\glm\include\glm\detail\precision.hpp">
      <Filter>Thirdparty\glm</Filter>
    </ClInclude>
    <ClInclude Include="..\Thirdparty\glm\include\glm\detail\setup.hpp">
      <Filter>Thirdparty\glm</Filter>
    </ClInclude>
    <ClInclude Include="..\Thirdparty\glm\include\glm\detail\type_float.hpp">
      <Filter>Thirdparty\glm</Filter>
    </ClInclude>
    <ClInclude Include="..\Thirdparty\glm\include\glm\detail\type_gentype.hpp">
      <Filter>Thirdparty\glm</Filter>
    </ClInclude>
    <ClInclude Include="..\Thirdparty\glm\include\glm\detail\type_half.hpp">
      <Filter>Thirdparty\glm</Filter>
    </ClInclude>
    <ClInclude Include="..\Thirdparty\glm\include\glm\detail\type_int.hpp">
      <Filter>Thirdparty\glm</Filter>
    </ClInclude>
    <ClInclude Include="..\Thirdparty\glm\include\glm\detail\type_mat.hpp">
      <Filter>Thirdparty\glm</Filter>
    </ClInclude>
    <ClInclude Include="..\Thirdparty\glm\include\glm\detail\type_mat2x2.hpp">
      <Filter>Thirdparty\glm</Filter>
    </ClInclude>
    <ClInclude Include="..\Thirdparty\glm\include\glm\detail\type_mat2x3.hpp">
      <Filter>Thirdparty\glm</Filter>
    </ClInclude>
    <ClInclude Include="..\Thirdparty\glm\include\glm\detail\type_mat2x4.hpp">
      <Filter>Thirdparty\glm</Filter>
    </ClInclude>
    <ClInclude Include="..\Thirdparty\glm\include\glm\detail\type_mat3x2.hpp">
      <Filter>Thirdparty\glm</Filter>
    </ClInclude>
    <ClInclude Include="..\Thirdparty\glm\include\glm\detail\type_mat3x3.hpp">
      <Filter>Thirdparty\glm</Filter>
    </ClInclude>
    <ClInclude Include="..\Thirdparty\glm\include\glm\detail\type_mat3x4.hpp">
      <Filter>Thirdparty\glm</Filter>
    </ClInclude>
    <ClInclude Include="..\Thirdparty\glm\include\glm\detail\type_mat4x2.hpp">
      <Filter>Thirdparty\glm</Filter>
    </ClInclude>
    <ClInclude Include="..\Thirdparty\glm\include\glm\detail\type_mat4x3.hpp">
      <Filter>Thirdparty\glm</Filter>
    </ClInclude>
    <ClInclude Include="..\Thirdparty\glm\include\glm\detail\type_mat4x4.hpp">
      <Filter>Thirdparty\glm</Filter>
    </ClInclude>
    <ClInclude Include="..\Thirdparty\glm\include\glm\detail\type_vec.hpp">
      <Filter>Thirdparty\glm</Filter>
    </ClInclude>
    <ClInclude Include="..\Thirdparty\glm\include\glm\detail\type_vec1.hpp">
      <Filter>Thirdparty\glm</Filter>
    </ClInclude>
    <ClInclude Include="..\Thirdparty\glm\include\glm\detail\type_vec2.hpp">
      <Filter>Thirdparty\glm</Filter>
    </ClInclude>
    <ClInclude Include="..\Thirdparty\glm\include\glm\detail\type_vec3.hpp">
      <Filter>Thirdparty\glm</Filter>
    </ClInclude>
    <ClInclude Include="..\Thirdparty\glm\include\glm\detail\type_vec4.hpp">
      <Filter>Thirdparty\glm</Filter>
    </ClInclude>
    <ClInclude Include="..\Thirdparty\glm\include\glm\detail\_features.hpp">
      <Filter>Thirdparty\glm</Filter>
    </ClInclude>
    <ClInclude Include="..\Thirdparty\glm\include\glm\detail\_fixes.hpp">
      <Filter>Thirdparty\glm</Filter>
    </ClInclude>
    <ClInclude Include="..\Thirdparty\glm\include\glm\detail\_noise.hpp">
      <Filter>Thirdparty\glm</Filter>
    </ClInclude>
    <ClInclude Include="..\Thirdparty\glm\include\glm\detail\_swizzle.hpp">
      <Filter>Thirdparty\glm</Filter>
    </ClInclude>
    <ClInclude Include="..\Thirdparty\glm\include\glm\detail\_swizzle_func.hpp">
      <Filter>Thirdparty\glm</Filter>
    </ClInclude>
    <ClInclude Include="..\Thirdparty\glm\include\glm\detail\_vectorize.hpp">
      <Filter>Thirdparty\glm</Filter>
    </ClInclude>
    <ClInclude Include="..\Thirdparty\glm\include\glm\exponential.hpp">
      <Filter>Thirdparty\glm</Filter>
    </ClInclude>
    <ClInclude Include="..\Thirdparty\glm\include\glm\ext.hpp">
      <Filter>Thirdparty\glm</Filter>
    </ClInclude>
    <ClInclude Include="..\Thirdparty\glm\include\glm\fwd.hpp">
      <Filter>Thirdparty\glm</Filter>
    </ClInclude>
    <ClInclude Include="..\Thirdparty\glm\include\glm\geometric.hpp">
      <Filter>Thirdparty\glm</Filter>
    </ClInclude>
    <ClInclude Include="..\Thirdparty\glm\include\glm\glm.hpp">
      <Filter>Thirdparty\glm</Filter>
    </ClInclude>
    <ClInclude Include="..\Thirdparty\glm\include\glm\gtc\bitfield.hpp">
      <Filter>Thirdparty\glm</Filter>
    </ClInclude>
    <ClInclude Include="..\Thirdparty\glm\include\glm\gtc\color_space.hpp">
      <Filter>Thirdparty\glm</Filter>
    </ClInclude>
    <ClInclude Include="..\Thirdparty\glm\include\glm\gtc\constants.hpp">
      <Filter>Thirdparty\glm</Filter>
    </ClInclude>
    <ClInclude Include="..\Thirdparty\glm\include\glm\gtc\epsilon.hpp">
      <Filter>Thirdparty\glm</Filter>
    </ClInclude>
    <ClInclude Include="..\Thirdparty\glm\include\glm\gtc\functions.hpp">
      <Filter>Thirdparty\glm</Filter>
    </ClInclude>
    <ClInclude Include="..\Thirdparty\glm\include\glm\gtc\integer.hpp">
      <Filter>Thirdparty\glm</Filter>
    </ClInclude>
    <ClInclude Include="..\Thirdparty\glm\include\glm\gtc\matrix_access.hpp">
      <Filter>Thirdparty\glm</Filter>
    </ClInclude>
    <ClInclude Include="..\Thirdparty\glm\include\glm\gtc\matrix_integer.hpp">
      <Filter>Thirdparty\glm</Filter>
    </ClInclude>
    <ClInclude Include="..\Thirdparty\glm\include\glm\gtc\matrix_inverse.hpp">
      <Filter>Thirdparty\glm</Filter>
    </ClInclude>
    <ClInclude Include="..\Thirdparty\glm\include\glm\gtc\matrix_transform.hpp">
      <Filter>Thirdparty\glm</Filter>
    </ClInclude>
    <ClInclude Include="..\Thirdparty\glm\include\glm\gtc\noise.hpp">
      <Filter>Thirdparty\glm</Filter>
    </ClInclude>
    <ClInclude Include="..\Thirdparty\glm\include\glm\gtc\packing.hpp">
      <Filter>Thirdparty\glm</Filter>
    </ClInclude>
    <ClInclude Include="..\Thirdparty\glm\include\glm\gtc\quaternion.hpp">
      <Filter>Thirdparty\glm</Filter>
    </ClInclude>
    <ClInclude Include="..\Thirdparty\glm\include\glm\gtc\random.hpp">
      <Filter>Thirdparty\glm</Filter>
    </ClInclude>
    <ClInclude Include="..\Thirdparty\glm\include\glm\gtc\reciprocal.hpp">
      <Filter>Thirdparty\glm</Filter>
    </ClInclude>
    <ClInclude Include="..\Thirdparty\glm\include\glm\gtc\round.hpp">
      <Filter>Thirdparty\glm</Filter>
    </ClInclude>
    <ClInclude Include="..\Thirdparty\glm\include\glm\gtc\type_aligned.hpp">
      <Filter>Thirdparty\glm</Filter>
    </ClInclude>
    <ClInclude Include="..\Thirdparty\glm\include\glm\gtc\type_precision.hpp">
      <Filter>Thirdparty\glm</Filter>
    </ClInclude>
    <ClInclude Include="..\Thirdparty\glm\include\glm\gtc\type_ptr.hpp">
      <Filter>Thirdparty\glm</Filter>
    </ClInclude>
    <ClInclude Include="..\Thirdparty\glm\include\glm\gtc\ulp.hpp">
      <Filter>Thirdparty\glm</Filter>
    </ClInclude>
    <ClInclude Include="..\Thirdparty\glm\include\glm\gtc\vec1.hpp">
      <Filter>Thirdparty\glm</Filter>
    </ClInclude>
    <ClInclude Include="..\Thirdparty\glm\include\glm\gtx\associated_min_max.hpp">
      <Filter>Thirdparty\glm</Filter>
    </ClInclude>
    <ClInclude Include="..\Thirdparty\glm\include\glm\gtx\bit.hpp">
      <Filter>Thirdparty\glm</Filter>
    </ClInclude>
    <ClInclude Include="..\Thirdparty\glm\include\glm\gtx\closest_point.hpp">
      <Filter>Thirdparty\glm</Filter>
    </ClInclude>
    <ClInclude Include="..\Thirdparty\glm\include\glm\gtx\color_space.hpp">
      <Filter>Thirdparty\glm</Filter>
    </ClInclude>
    <ClInclude Include="..\Thirdparty\glm\include\glm\gtx\color_space_YCoCg.hpp">
      <Filter>Thirdparty\glm</Filter>
    </ClInclude>
    <ClInclude Include="..\Thirdparty\glm\include\glm\gtx\common.hpp">
      <Filter>Thirdparty\glm</Filter>
    </ClInclude>
    <ClInclude Include="..\Thirdparty\glm\include\glm\gtx\compatibility.hpp">
      <Filter>Thirdparty\glm</Filter>
    </ClInclude>
    <ClInclude Include="..\Thirdparty\glm\include\glm\gtx\component_wise.hpp">
      <Filter>Thirdparty\glm</Filter>
    </ClInclude>
    <ClInclude Include="..\Thirdparty\glm\include\glm\gtx\dual_quaternion.hpp">
      <Filter>Thirdparty\glm</Filter>
    </ClInclude>
    <ClInclude Include="..\Thirdparty\glm\include\glm\gtx\euler_angles.hpp">
      <Filter>Thirdparty\glm</Filter>
    </ClInclude>
    <ClInclude Include="..\Thirdparty\glm\include\glm\gtx\extend.hpp">
      <Filter>Thirdparty\glm</Filter>
    </ClInclude>
    <ClInclude Include="..\Thirdparty\glm\include\glm\gtx\extended_min_max.hpp">
      <Filter>Thirdparty\glm</Filter>
    </ClInclude>
    <ClInclude Include="..\Thirdparty\glm\include\glm\gtx\fast_exponential.hpp">
      <Filter>Thirdparty\glm</Filter>
    </ClInclude>
    <ClInclude Include="..\Thirdparty\glm\include\glm\gtx\fast_square_root.hpp">
      <Filter>Thirdparty\glm</Filter>
    </ClInclude>
    <ClInclude Include="..\Thirdparty\glm\include\glm\gtx\fast_trigonometry.hpp">
      <Filter>Thirdparty\glm</Filter>
    </ClInclude>
    <ClInclude Include="..\Thirdparty\glm\include\glm\gtx\gradient_paint.hpp">
      <Filter>Thirdparty\glm</Filter>
    </ClInclude>
    <ClInclude Include="..\Thirdparty\glm\include\glm\gtx\handed_coordinate_space.hpp">
      <Filter>Thirdparty\glm</Filter>
    </ClInclude>
    <ClInclude Include="..\Thirdparty\glm\include\glm\gtx\hash.hpp">
      <Filter>Thirdparty\glm</Filter>
    </ClInclude>
    <ClInclude Include="..\Thirdparty\glm\include\glm\gtx\integer.hpp">
      <Filter>Thirdparty\glm</Filter>
    </ClInclude>
    <ClInclude Include="..\Thirdparty\glm\include\glm\gtx\intersect.hpp">
      <Filter>Thirdparty\glm</Filter>
    </ClInclude>
    <ClInclude Include="..\Thirdparty\glm\include\glm\gtx\io.hpp">
      <Filter>Thirdparty\glm</Filter>
    </ClInclude>
    <ClInclude Include="..\Thirdparty\glm\include\glm\gtx\log_base.hpp">
      <Filter>Thirdparty\glm</Filter>
    </ClInclude>
    <ClInclude Include="..\Thirdparty\glm\include\glm\gtx\matrix_cross_product.hpp">
      <Filter>Thirdparty\glm</Filter>
    </ClInclude>
    <ClInclude Include="..\Thirdparty\glm\include\glm\gtx\matrix_decompose.hpp">
      <Filter>Thirdparty\glm</Filter>
    </ClInclude>
    <ClInclude Include="..\Thirdparty\glm\include\glm\gtx\matrix_interpolation.hpp">
      <Filter>Thirdparty\glm</Filter>
    </ClInclude>
    <ClInclude Include="..\Thirdparty\glm\include\glm\gtx\matrix_major_storage.hpp">
      <Filter>Thirdparty\glm</Filter>
    </ClInclude>
    <ClInclude Include="..\Thirdparty\glm\include\glm\gtx\matrix_operation.hpp">
      <Filter>Thirdparty\glm</Filter>
    </ClInclude>
    <ClInclude Include="..\Thirdparty\glm\include\glm\gtx\matrix_query.hpp">
      <Filter>Thirdparty\glm</Filter>
    </ClInclude>
    <ClInclude Include="..\Thirdparty\glm\include\glm\gtx\matrix_transform_2d.hpp">
      <Filter>Thirdparty\glm</Filter>
    </ClInclude>
    <ClInclude Include="..\Thirdparty\glm\include\glm\gtx\mixed_product.hpp">
      <Filter>Thirdparty\glm</Filter>
    </ClInclude>
    <ClInclude Include="..\Thirdparty\glm\include\glm\gtx\norm.hpp">
      <Filter>Thirdparty\glm</Filter>
    </ClInclude>
    <ClInclude Include="..\Thirdparty\glm\include\glm\gtx\normal.hpp">
      <Filter>Thirdparty\glm</Filter>
    </ClInclude>
    <ClInclude Include="..\Thirdparty\glm\include\glm\gtx\normalize_dot.hpp">
      <Filter>Thirdparty\glm</Filter>
    </ClInclude>
    <ClInclude Include="..\Thirdparty\glm\include\glm\gtx\number_precision.hpp">
      <Filter>Thirdparty\glm</Filter>
    </ClInclude>
    <ClInclude Include="..\Thirdparty\glm\include\glm\gtx\optimum_pow.hpp">
      <Filter>Thirdparty\glm</Filter>
    </ClInclude>
    <ClInclude Include="..\Thirdparty\glm\include\glm\gtx\orthonormalize.hpp">
      <Filter>Thirdparty\glm</Filter>
    </ClInclude>
    <ClInclude Include="..\Thirdparty\glm\include\glm\gtx\perpendicular.hpp">
      <Filter>Thirdparty\glm</Filter>
    </ClInclude>
    <ClInclude Include="..\Thirdparty\glm\include\glm\gtx\polar_coordinates.hpp">
      <Filter>Thirdparty\glm</Filter>
    </ClInclude>
    <ClInclude Include="..\Thirdparty\glm\include\glm\gtx\projection.hpp">
      <Filter>Thirdparty\glm</Filter>
    </ClInclude>
    <ClInclude Include="..\Thirdparty\glm\include\glm\gtx\quaternion.hpp">
      <Filter>Thirdparty\glm</Filter>
    </ClInclude>
    <ClInclude Include="..\Thirdparty\glm\include\glm\gtx\range.hpp">
      <Filter>Thirdparty\glm</Filter>
    </ClInclude>
    <ClInclude Include="..\Thirdparty\glm\include\glm\gtx\raw_data.hpp">
      <Filter>Thirdparty\glm</Filter>
    </ClInclude>
    <ClInclude Include="..\Thirdparty\glm\include\glm\gtx\rotate_normalized_axis.hpp">
      <Filter>Thirdparty\glm</Filter>
    </ClInclude>
    <ClInclude Include="..\Thirdparty\glm\include\glm\gtx\rotate_vector.hpp">
      <Filter>Thirdparty\glm</Filter>
    </ClInclude>
    <ClInclude Include="..\Thirdparty\glm\include\glm\gtx\scalar_multiplication.hpp">
      <Filter>Thirdparty\glm</Filter>
    </ClInclude>
    <ClInclude Include="..\Thirdparty\glm\include\glm\gtx\scalar_relational.hpp">
      <Filter>Thirdparty\glm</Filter>
    </ClInclude>
    <ClInclude Include="..\Thirdparty\glm\include\glm\gtx\spline.hpp">
      <Filter>Thirdparty\glm</Filter>
    </ClInclude>
    <ClInclude Include="..\Thirdparty\glm\include\glm\gtx\std_based_type.hpp">
      <Filter>Thirdparty\glm</Filter>
    </ClInclude>
    <ClInclude Include="..\Thirdparty\glm\include\glm\gtx\string_cast.hpp">
      <Filter>Thirdparty\glm</Filter>
    </ClInclude>
    <ClInclude Include="..\Thirdparty\glm\include\glm\gtx\transform.hpp">
      <Filter>Thirdparty\glm</Filter>
    </ClInclude>
    <ClInclude Include="..\Thirdparty\glm\include\glm\gtx\transform2.hpp">
      <Filter>Thirdparty\glm</Filter>
    </ClInclude>
    <ClInclude Include="..\Thirdparty\glm\include\glm\gtx\type_aligned.hpp">
      <Filter>Thirdparty\glm</Filter>
    </ClInclude>
    <ClInclude Include="..\Thirdparty\glm\include\glm\gtx\type_trait.hpp">
      <Filter>Thirdparty\glm</Filter>
    </ClInclude>
    <ClInclude Include="..\Thirdparty\glm\include\glm\gtx\vector_angle.hpp">
      <Filter>Thirdparty\glm</Filter>
    </ClInclude>
    <ClInclude Include="..\Thirdparty\glm\include\glm\gtx\vector_query.hpp">
      <Filter>Thirdparty\glm</Filter>
    </ClInclude>
    <ClInclude Include="..\Thirdparty\glm\include\glm\gtx\wrap.hpp">
      <Filter>Thirdparty\glm</Filter>
    </ClInclude>
    <ClInclude Include="..\Thirdparty\glm\include\glm\integer.hpp">
      <Filter>Thirdparty\glm</Filter>
    </ClInclude>
    <ClInclude Include="..\Thirdparty\glm\include\glm\mat2x2.hpp">
      <Filter>Thirdparty\glm</Filter>
    </ClInclude>
    <ClInclude Include="..\Thirdparty\glm\include\glm\mat2x3.hpp">
      <Filter>Thirdparty\glm</Filter>
    </ClInclude>
    <ClInclude Include="..\Thirdparty\glm\include\glm\mat2x4.hpp">
      <Filter>Thirdparty\glm</Filter>
    </ClInclude>
    <ClInclude Include="..\Thirdparty\glm\include\glm\mat3x2.hpp">
      <Filter>Thirdparty\glm</Filter>
    </ClInclude>
    <ClInclude Include="..\Thirdparty\glm\include\glm\mat3x3.hpp">
      <Filter>Thirdparty\glm</Filter>
    </ClInclude>
    <ClInclude Include="..\Thirdparty\glm\include\glm\mat3x4.hpp">
      <Filter>Thirdparty\glm</Filter>
    </ClInclude>
    <ClInclude Include="..\Thirdparty\glm\include\glm\mat4x2.hpp">
      <Filter>Thirdparty\glm</Filter>
    </ClInclude>
    <ClInclude Include="..\Thirdparty\glm\include\glm\mat4x3.hpp">
      <Filter>Thirdparty\glm</Filter>
    </ClInclude>
    <ClInclude Include="..\Thirdparty\glm\include\glm\mat4x4.hpp">
      <Filter>Thirdparty\glm</Filter>
    </ClInclude>
    <ClInclude Include="..\Thirdparty\glm\include\glm\matrix.hpp">
      <Filter>Thirdparty\glm</Filter>
    </ClInclude>
    <ClInclude Include="..\Thirdparty\glm\include\glm\packing.hpp">
      <Filter>Thirdparty\glm</Filter>
    </ClInclude>
    <ClInclude Include="..\Thirdparty\glm\include\glm\simd\common.h">
      <Filter>Thirdparty\glm</Filter>
    </ClInclude>
    <ClInclude Include="..\Thirdparty\glm\include\glm\simd\exponential.h">
      <Filter>Thirdparty\glm</Filter>
    </ClInclude>
    <ClInclude Include="..\Thirdparty\glm\include\glm\simd\geometric.h">
      <Filter>Thirdparty\glm</Filter>
    </ClInclude>
    <ClInclude Include="..\Thirdparty\glm\include\glm\simd\integer.h">
      <Filter>Thirdparty\glm</Filter>
    </ClInclude>
    <ClInclude Include="..\Thirdparty\glm\include\glm\simd\matrix.h">
      <Filter>Thirdparty\glm</Filter>
    </ClInclude>
    <ClInclude Include="..\Thirdparty\glm\include\glm\simd\packing.h">
      <Filter>Thirdparty\glm</Filter>
    </ClInclude>
    <ClInclude Include="..\Thirdparty\glm\include\glm\simd\platform.h">
      <Filter>Thirdparty\glm</Filter>
    </ClInclude>
    <ClInclude Include="..\Thirdparty\glm\include\glm\simd\trigonometric.h">
      <Filter>Thirdparty\glm</Filter>
    </ClInclude>
    <ClInclude Include="..\Thirdparty\glm\include\glm\simd\vector_relational.h">
      <Filter>Thirdparty\glm</Filter>
    </ClInclude>
    <ClInclude Include="..\Thirdparty\glm\include\glm\trigonometric.hpp">
      <Filter>Thirdparty\glm</Filter>
    </ClInclude>
    <ClInclude Include="..\Thirdparty\glm\include\glm\vec2.hpp">
      <Filter>Thirdparty\glm</Filter>
    </ClInclude>
    <ClInclude Include="..\Thirdparty\glm\include\glm\vec3.hpp">
      <Filter>Thirdparty\glm</Filter>
    </ClInclude>
    <ClInclude Include="..\Thirdparty\glm\include\glm\vec4.hpp">
      <Filter>Thirdparty\glm</Filter>
    </ClInclude>
    <ClInclude Include="..\Thirdparty\glm\include\glm\vector_relational.hpp">
      <Filter>Thirdparty\glm</Filter>
    </ClInclude>
    <ClInclude Include="..\Thirdparty\stb_image\include\stb_image.h">
      <Filter>Thirdparty\stb_image</Filter>
    </ClInclude>
    <ClInclude Include="..\Sources\Runtime\Component\Transform.hpp">
      <Filter>Sources\Component</Filter>
    </ClInclude>
    <ClInclude Include="..\Sources\Runtime\Component\Component.hpp">
      <Filter>Sources\Component</Filter>
    </ClInclude>
    <ClInclude Include="..\Sources\Runtime\Component\Renderable.h">
      <Filter>Sources\Component</Filter>
    </ClInclude>
    <ClInclude Include="..\Sources\Runtime\Core\Helper.hpp">
      <Filter>Sources\Core</Filter>
    </ClInclude>
    <ClInclude Include="..\Sources\Runtime\Core\EventManager.hpp">
      <Filter>Sources\Core</Filter>
    </ClInclude>
    <ClInclude Include="..\Sources\Runtime\Core\Engine.hpp">
      <Filter>Sources\Core</Filter>
    </ClInclude>
  </ItemGroup>
  <ItemGroup>
    <ClCompile Include="..\Sources\Runtime\Component\Component.cpp">
      <Filter>Sources\Component</Filter>
    </ClCompile>
    <ClCompile Include="..\Sources\Runtime\Math\Vector4.cpp">
      <Filter>Sources\Math</Filter>
    </ClCompile>
    <ClCompile Include="..\Sources\Runtime\Math\Vector2.cpp">
      <Filter>Sources\Math</Filter>
    </ClCompile>
    <ClCompile Include="..\Sources\Runtime\Math\Vector3.cpp">
      <Filter>Sources\Math</Filter>
    </ClCompile>
    <ClCompile Include="..\Thirdparty\glm\include\glm\detail\dummy.cpp">
      <Filter>Thirdparty\glm</Filter>
    </ClCompile>
    <ClCompile Include="..\Thirdparty\glm\include\glm\detail\glm.cpp">
      <Filter>Thirdparty\glm</Filter>
    </ClCompile>
    <ClCompile Include="..\Sources\Runtime\Component\Transform.cpp">
      <Filter>Sources\Component</Filter>
    </ClCompile>
    <ClCompile Include="..\Sources\Runtime\World\Actor.cpp">
      <Filter>Sources\World</Filter>
    </ClCompile>
    <ClCompile Include="..\Sources\Runtime\World\World.cpp">
      <Filter>Sources\World</Filter>
    </ClCompile>
    <ClCompile Include="..\Sources\Runtime\Component\Renderable.cpp">
      <Filter>Sources\Component</Filter>
    </ClCompile>
    <ClCompile Include="..\Sources\Runtime\Core\Helper.cpp">
      <Filter>Sources\Core</Filter>
    </ClCompile>
    <ClCompile Include="..\Sources\Runtime\Core\EventManager.cpp">
      <Filter>Sources\Core</Filter>
    </ClCompile>
    <ClCompile Include="..\Sources\Runtime\Core\Engine.cpp">
      <Filter>Sources\Core</Filter>
    </ClCompile>
  </ItemGroup>
  <ItemGroup>
    <None Include="..\Thirdparty\assimp\include\assimp\color4.inl">
      <Filter>Thirdparty\assimp</Filter>
    </None>
    <None Include="..\Thirdparty\assimp\include\assimp\config.h.in">
      <Filter>Thirdparty\assimp</Filter>
    </None>
    <None Include="..\Thirdparty\assimp\include\assimp\material.inl">
      <Filter>Thirdparty\assimp</Filter>
    </None>
    <None Include="..\Thirdparty\assimp\include\assimp\matrix3x3.inl">
      <Filter>Thirdparty\assimp</Filter>
    </None>
    <None Include="..\Thirdparty\assimp\include\assimp\matrix4x4.inl">
      <Filter>Thirdparty\assimp</Filter>
    </None>
    <None Include="..\Thirdparty\assimp\include\assimp\quaternion.inl">
      <Filter>Thirdparty\assimp</Filter>
    </None>
    <None Include="..\Thirdparty\assimp\include\assimp\SmoothingGroups.inl">
      <Filter>Thirdparty\assimp</Filter>
    </None>
    <None Include="..\Thirdparty\assimp\include\assimp\vector2.inl">
      <Filter>Thirdparty\assimp</Filter>
    </None>
    <None Include="..\Thirdparty\assimp\include\assimp\vector3.inl">
      <Filter>Thirdparty\assimp</Filter>
    </None>
    <None Include="..\Thirdparty\glm\include\glm\detail\func_common.inl">
      <Filter>Thirdparty\glm</Filter>
    </None>
    <None Include="..\Thirdparty\glm\include\glm\detail\func_common_simd.inl">
      <Filter>Thirdparty\glm</Filter>
    </None>
    <None Include="..\Thirdparty\glm\include\glm\detail\func_exponential.inl">
      <Filter>Thirdparty\glm</Filter>
    </None>
    <None Include="..\Thirdparty\glm\include\glm\detail\func_exponential_simd.inl">
      <Filter>Thirdparty\glm</Filter>
    </None>
    <None Include="..\Thirdparty\glm\include\glm\detail\func_geometric.inl">
      <Filter>Thirdparty\glm</Filter>
    </None>
    <None Include="..\Thirdparty\glm\include\glm\detail\func_geometric_simd.inl">
      <Filter>Thirdparty\glm</Filter>
    </None>
    <None Include="..\Thirdparty\glm\include\glm\detail\func_integer.inl">
      <Filter>Thirdparty\glm</Filter>
    </None>
    <None Include="..\Thirdparty\glm\include\glm\detail\func_integer_simd.inl">
      <Filter>Thirdparty\glm</Filter>
    </None>
    <None Include="..\Thirdparty\glm\include\glm\detail\func_matrix.inl">
      <Filter>Thirdparty\glm</Filter>
    </None>
    <None Include="..\Thirdparty\glm\include\glm\detail\func_matrix_simd.inl">
      <Filter>Thirdparty\glm</Filter>
    </None>
    <None Include="..\Thirdparty\glm\include\glm\detail\func_packing.inl">
      <Filter>Thirdparty\glm</Filter>
    </None>
    <None Include="..\Thirdparty\glm\include\glm\detail\func_packing_simd.inl">
      <Filter>Thirdparty\glm</Filter>
    </None>
    <None Include="..\Thirdparty\glm\include\glm\detail\func_trigonometric.inl">
      <Filter>Thirdparty\glm</Filter>
    </None>
    <None Include="..\Thirdparty\glm\include\glm\detail\func_trigonometric_simd.inl">
      <Filter>Thirdparty\glm</Filter>
    </None>
    <None Include="..\Thirdparty\glm\include\glm\detail\func_vector_relational.inl">
      <Filter>Thirdparty\glm</Filter>
    </None>
    <None Include="..\Thirdparty\glm\include\glm\detail\func_vector_relational_simd.inl">
      <Filter>Thirdparty\glm</Filter>
    </None>
    <None Include="..\Thirdparty\glm\include\glm\detail\type_gentype.inl">
      <Filter>Thirdparty\glm</Filter>
    </None>
    <None Include="..\Thirdparty\glm\include\glm\detail\type_half.inl">
      <Filter>Thirdparty\glm</Filter>
    </None>
    <None Include="..\Thirdparty\glm\include\glm\detail\type_mat.inl">
      <Filter>Thirdparty\glm</Filter>
    </None>
    <None Include="..\Thirdparty\glm\include\glm\detail\type_mat2x2.inl">
      <Filter>Thirdparty\glm</Filter>
    </None>
    <None Include="..\Thirdparty\glm\include\glm\detail\type_mat2x3.inl">
      <Filter>Thirdparty\glm</Filter>
    </None>
    <None Include="..\Thirdparty\glm\include\glm\detail\type_mat2x4.inl">
      <Filter>Thirdparty\glm</Filter>
    </None>
    <None Include="..\Thirdparty\glm\include\glm\detail\type_mat3x2.inl">
      <Filter>Thirdparty\glm</Filter>
    </None>
    <None Include="..\Thirdparty\glm\include\glm\detail\type_mat3x3.inl">
      <Filter>Thirdparty\glm</Filter>
    </None>
    <None Include="..\Thirdparty\glm\include\glm\detail\type_mat3x4.inl">
      <Filter>Thirdparty\glm</Filter>
    </None>
    <None Include="..\Thirdparty\glm\include\glm\detail\type_mat4x2.inl">
      <Filter>Thirdparty\glm</Filter>
    </None>
    <None Include="..\Thirdparty\glm\include\glm\detail\type_mat4x3.inl">
      <Filter>Thirdparty\glm</Filter>
    </None>
    <None Include="..\Thirdparty\glm\include\glm\detail\type_mat4x4.inl">
      <Filter>Thirdparty\glm</Filter>
    </None>
    <None Include="..\Thirdparty\glm\include\glm\detail\type_mat4x4_simd.inl">
      <Filter>Thirdparty\glm</Filter>
    </None>
    <None Include="..\Thirdparty\glm\include\glm\detail\type_vec.inl">
      <Filter>Thirdparty\glm</Filter>
    </None>
    <None Include="..\Thirdparty\glm\include\glm\detail\type_vec1.inl">
      <Filter>Thirdparty\glm</Filter>
    </None>
    <None Include="..\Thirdparty\glm\include\glm\detail\type_vec2.inl">
      <Filter>Thirdparty\glm</Filter>
    </None>
    <None Include="..\Thirdparty\glm\include\glm\detail\type_vec3.inl">
      <Filter>Thirdparty\glm</Filter>
    </None>
    <None Include="..\Thirdparty\glm\include\glm\detail\type_vec4.inl">
      <Filter>Thirdparty\glm</Filter>
    </None>
    <None Include="..\Thirdparty\glm\include\glm\detail\type_vec4_simd.inl">
      <Filter>Thirdparty\glm</Filter>
    </None>
    <None Include="..\Thirdparty\glm\include\glm\gtc\bitfield.inl">
      <Filter>Thirdparty\glm</Filter>
    </None>
    <None Include="..\Thirdparty\glm\include\glm\gtc\color_encoding.inl">
      <Filter>Thirdparty\glm</Filter>
    </None>
    <None Include="..\Thirdparty\glm\include\glm\gtc\color_space.inl">
      <Filter>Thirdparty\glm</Filter>
    </None>
    <None Include="..\Thirdparty\glm\include\glm\gtc\constants.inl">
      <Filter>Thirdparty\glm</Filter>
    </None>
    <None Include="..\Thirdparty\glm\include\glm\gtc\epsilon.inl">
      <Filter>Thirdparty\glm</Filter>
    </None>
    <None Include="..\Thirdparty\glm\include\glm\gtc\functions.inl">
      <Filter>Thirdparty\glm</Filter>
    </None>
    <None Include="..\Thirdparty\glm\include\glm\gtc\integer.inl">
      <Filter>Thirdparty\glm</Filter>
    </None>
    <None Include="..\Thirdparty\glm\include\glm\gtc\matrix_access.inl">
      <Filter>Thirdparty\glm</Filter>
    </None>
    <None Include="..\Thirdparty\glm\include\glm\gtc\matrix_inverse.inl">
      <Filter>Thirdparty\glm</Filter>
    </None>
    <None Include="..\Thirdparty\glm\include\glm\gtc\matrix_transform.inl">
      <Filter>Thirdparty\glm</Filter>
    </None>
    <None Include="..\Thirdparty\glm\include\glm\gtc\noise.inl">
      <Filter>Thirdparty\glm</Filter>
    </None>
    <None Include="..\Thirdparty\glm\include\glm\gtc\packing.inl">
      <Filter>Thirdparty\glm</Filter>
    </None>
    <None Include="..\Thirdparty\glm\include\glm\gtc\quaternion.inl">
      <Filter>Thirdparty\glm</Filter>
    </None>
    <None Include="..\Thirdparty\glm\include\glm\gtc\quaternion_simd.inl">
      <Filter>Thirdparty\glm</Filter>
    </None>
    <None Include="..\Thirdparty\glm\include\glm\gtc\random.inl">
      <Filter>Thirdparty\glm</Filter>
    </None>
    <None Include="..\Thirdparty\glm\include\glm\gtc\reciprocal.inl">
      <Filter>Thirdparty\glm</Filter>
    </None>
    <None Include="..\Thirdparty\glm\include\glm\gtc\round.inl">
      <Filter>Thirdparty\glm</Filter>
    </None>
    <None Include="..\Thirdparty\glm\include\glm\gtc\type_precision.inl">
      <Filter>Thirdparty\glm</Filter>
    </None>
    <None Include="..\Thirdparty\glm\include\glm\gtc\type_ptr.inl">
      <Filter>Thirdparty\glm</Filter>
    </None>
    <None Include="..\Thirdparty\glm\include\glm\gtc\ulp.inl">
      <Filter>Thirdparty\glm</Filter>
    </None>
    <None Include="..\Thirdparty\glm\include\glm\gtc\vec1.inl">
      <Filter>Thirdparty\glm</Filter>
    </None>
    <None Include="..\Thirdparty\glm\include\glm\gtx\associated_min_max.inl">
      <Filter>Thirdparty\glm</Filter>
    </None>
    <None Include="..\Thirdparty\glm\include\glm\gtx\bit.inl">
      <Filter>Thirdparty\glm</Filter>
    </None>
    <None Include="..\Thirdparty\glm\include\glm\gtx\closest_point.inl">
      <Filter>Thirdparty\glm</Filter>
    </None>
    <None Include="..\Thirdparty\glm\include\glm\gtx\color_space.inl">
      <Filter>Thirdparty\glm</Filter>
    </None>
    <None Include="..\Thirdparty\glm\include\glm\gtx\color_space_YCoCg.inl">
      <Filter>Thirdparty\glm</Filter>
    </None>
    <None Include="..\Thirdparty\glm\include\glm\gtx\common.inl">
      <Filter>Thirdparty\glm</Filter>
    </None>
    <None Include="..\Thirdparty\glm\include\glm\gtx\compatibility.inl">
      <Filter>Thirdparty\glm</Filter>
    </None>
    <None Include="..\Thirdparty\glm\include\glm\gtx\component_wise.inl">
      <Filter>Thirdparty\glm</Filter>
    </None>
    <None Include="..\Thirdparty\glm\include\glm\gtx\dual_quaternion.inl">
      <Filter>Thirdparty\glm</Filter>
    </None>
    <None Include="..\Thirdparty\glm\include\glm\gtx\euler_angles.inl">
      <Filter>Thirdparty\glm</Filter>
    </None>
    <None Include="..\Thirdparty\glm\include\glm\gtx\extend.inl">
      <Filter>Thirdparty\glm</Filter>
    </None>
    <None Include="..\Thirdparty\glm\include\glm\gtx\extended_min_max.inl">
      <Filter>Thirdparty\glm</Filter>
    </None>
    <None Include="..\Thirdparty\glm\include\glm\gtx\fast_exponential.inl">
      <Filter>Thirdparty\glm</Filter>
    </None>
    <None Include="..\Thirdparty\glm\include\glm\gtx\fast_square_root.inl">
      <Filter>Thirdparty\glm</Filter>
    </None>
    <None Include="..\Thirdparty\glm\include\glm\gtx\fast_trigonometry.inl">
      <Filter>Thirdparty\glm</Filter>
    </None>
    <None Include="..\Thirdparty\glm\include\glm\gtx\float_notmalize.inl">
      <Filter>Thirdparty\glm</Filter>
    </None>
    <None Include="..\Thirdparty\glm\include\glm\gtx\gradient_paint.inl">
      <Filter>Thirdparty\glm</Filter>
    </None>
    <None Include="..\Thirdparty\glm\include\glm\gtx\handed_coordinate_space.inl">
      <Filter>Thirdparty\glm</Filter>
    </None>
    <None Include="..\Thirdparty\glm\include\glm\gtx\hash.inl">
      <Filter>Thirdparty\glm</Filter>
    </None>
    <None Include="..\Thirdparty\glm\include\glm\gtx\integer.inl">
      <Filter>Thirdparty\glm</Filter>
    </None>
    <None Include="..\Thirdparty\glm\include\glm\gtx\intersect.inl">
      <Filter>Thirdparty\glm</Filter>
    </None>
    <None Include="..\Thirdparty\glm\include\glm\gtx\io.inl">
      <Filter>Thirdparty\glm</Filter>
    </None>
    <None Include="..\Thirdparty\glm\include\glm\gtx\log_base.inl">
      <Filter>Thirdparty\glm</Filter>
    </None>
    <None Include="..\Thirdparty\glm\include\glm\gtx\matrix_cross_product.inl">
      <Filter>Thirdparty\glm</Filter>
    </None>
    <None Include="..\Thirdparty\glm\include\glm\gtx\matrix_decompose.inl">
      <Filter>Thirdparty\glm</Filter>
    </None>
    <None Include="..\Thirdparty\glm\include\glm\gtx\matrix_interpolation.inl">
      <Filter>Thirdparty\glm</Filter>
    </None>
    <None Include="..\Thirdparty\glm\include\glm\gtx\matrix_major_storage.inl">
      <Filter>Thirdparty\glm</Filter>
    </None>
    <None Include="..\Thirdparty\glm\include\glm\gtx\matrix_operation.inl">
      <Filter>Thirdparty\glm</Filter>
    </None>
    <None Include="..\Thirdparty\glm\include\glm\gtx\matrix_query.inl">
      <Filter>Thirdparty\glm</Filter>
    </None>
    <None Include="..\Thirdparty\glm\include\glm\gtx\matrix_transform_2d.inl">
      <Filter>Thirdparty\glm</Filter>
    </None>
    <None Include="..\Thirdparty\glm\include\glm\gtx\mixed_product.inl">
      <Filter>Thirdparty\glm</Filter>
    </None>
    <None Include="..\Thirdparty\glm\include\glm\gtx\norm.inl">
      <Filter>Thirdparty\glm</Filter>
    </None>
    <None Include="..\Thirdparty\glm\include\glm\gtx\normal.inl">
      <Filter>Thirdparty\glm</Filter>
    </None>
    <None Include="..\Thirdparty\glm\include\glm\gtx\normalize_dot.inl">
      <Filter>Thirdparty\glm</Filter>
    </None>
    <None Include="..\Thirdparty\glm\include\glm\gtx\number_precision.inl">
      <Filter>Thirdparty\glm</Filter>
    </None>
    <None Include="..\Thirdparty\glm\include\glm\gtx\optimum_pow.inl">
      <Filter>Thirdparty\glm</Filter>
    </None>
    <None Include="..\Thirdparty\glm\include\glm\gtx\orthonormalize.inl">
      <Filter>Thirdparty\glm</Filter>
    </None>
    <None Include="..\Thirdparty\glm\include\glm\gtx\perpendicular.inl">
      <Filter>Thirdparty\glm</Filter>
    </None>
    <None Include="..\Thirdparty\glm\include\glm\gtx\polar_coordinates.inl">
      <Filter>Thirdparty\glm</Filter>
    </None>
    <None Include="..\Thirdparty\glm\include\glm\gtx\projection.inl">
      <Filter>Thirdparty\glm</Filter>
    </None>
    <None Include="..\Thirdparty\glm\include\glm\gtx\quaternion.inl">
      <Filter>Thirdparty\glm</Filter>
    </None>
    <None Include="..\Thirdparty\glm\include\glm\gtx\raw_data.inl">
      <Filter>Thirdparty\glm</Filter>
    </None>
    <None Include="..\Thirdparty\glm\include\glm\gtx\rotate_normalized_axis.inl">
      <Filter>Thirdparty\glm</Filter>
    </None>
    <None Include="..\Thirdparty\glm\include\glm\gtx\rotate_vector.inl">
      <Filter>Thirdparty\glm</Filter>
    </None>
    <None Include="..\Thirdparty\glm\include\glm\gtx\scalar_relational.inl">
      <Filter>Thirdparty\glm</Filter>
    </None>
    <None Include="..\Thirdparty\glm\include\glm\gtx\spline.inl">
      <Filter>Thirdparty\glm</Filter>
    </None>
    <None Include="..\Thirdparty\glm\include\glm\gtx\std_based_type.inl">
      <Filter>Thirdparty\glm</Filter>
    </None>
    <None Include="..\Thirdparty\glm\include\glm\gtx\string_cast.inl">
      <Filter>Thirdparty\glm</Filter>
    </None>
    <None Include="..\Thirdparty\glm\include\glm\gtx\transform.inl">
      <Filter>Thirdparty\glm</Filter>
    </None>
    <None Include="..\Thirdparty\glm\include\glm\gtx\transform2.inl">
      <Filter>Thirdparty\glm</Filter>
    </None>
    <None Include="..\Thirdparty\glm\include\glm\gtx\type_aligned.inl">
      <Filter>Thirdparty\glm</Filter>
    </None>
    <None Include="..\Thirdparty\glm\include\glm\gtx\type_trait.inl">
      <Filter>Thirdparty\glm</Filter>
    </None>
    <None Include="..\Thirdparty\glm\include\glm\gtx\vector_angle.inl">
      <Filter>Thirdparty\glm</Filter>
    </None>
    <None Include="..\Thirdparty\glm\include\glm\gtx\vector_query.inl">
      <Filter>Thirdparty\glm</Filter>
    </None>
    <None Include="..\Thirdparty\glm\include\glm\gtx\wrap.inl">
      <Filter>Thirdparty\glm</Filter>
    </None>
  </ItemGroup>
</Project>